
Microsoft Visual Studio Solution File, Format Version 12.00
# Visual Studio Version 17
VisualStudioVersion = 17.14.36221.1
MinimumVisualStudioVersion = 10.0.40219.1
Project("{FAE04EC0-301F-11D3-BF4B-00C04F79EFBC}") = "WebApplication1", "WebApplication1\WebApplication1.csproj", "{803F5BCC-87FF-4A81-A0F0-03CC0A48F93D}"
EndProject
Project("{FAE04EC0-301F-11D3-BF4B-00C04F79EFBC}") = "MyData.Db", "MyData.Db\MyData.Db.csproj", "{25D5A807-9EF2-464C-A661-10C4C7AAEB79}"
EndProject
Global
	GlobalSection(SolutionConfigurationPlatforms) = preSolution
		Debug|Any CPU = Debug|Any CPU
		Release|Any CPU = Release|Any CPU
	EndGlobalSection
	GlobalSection(ProjectConfigurationPlatforms) = postSolution
		{803F5BCC-87FF-4A81-A0F0-03CC0A48F93D}.Debug|Any CPU.ActiveCfg = Debug|Any CPU
		{803F5BCC-87FF-4A81-A0F0-03CC0A48F93D}.Debug|Any CPU.Build.0 = Debug|Any CPU
		{803F5BCC-87FF-4A81-A0F0-03CC0A48F93D}.Release|Any CPU.ActiveCfg = Release|Any CPU
		{803F5BCC-87FF-4A81-A0F0-03CC0A48F93D}.Release|Any CPU.Build.0 = Release|Any CPU
		{25D5A807-9EF2-464C-A661-10C4C7AAEB79}.Debug|Any CPU.ActiveCfg = Debug|Any CPU
		{25D5A807-9EF2-464C-A661-10C4C7AAEB79}.Debug|Any CPU.Build.0 = Debug|Any CPU
		{25D5A807-9EF2-464C-A661-10C4C7AAEB79}.Release|Any CPU.ActiveCfg = Release|Any CPU
		{25D5A807-9EF2-464C-A661-10C4C7AAEB79}.Release|Any CPU.Build.0 = Release|Any CPU
	EndGlobalSection
	GlobalSection(SolutionProperties) = preSolution
		HideSolutionNode = FALSE
	EndGlobalSection
	GlobalSection(ExtensibilityGlobals) = postSolution
		SolutionGuid = {D119B00C-F15F-4FC1-9F83-0F974B96B277}
	EndGlobalSection
EndGlobal
